{
  "name": "tw-extension",
  "version": "1.0.0",
  "lockfileVersion": 3,
  "requires": true,
  "packages": {
    "": {
      "name": "tw-extension",
      "version": "1.0.0",
      "license": "MPL-2.0-only",
      "dependencies": {
        "@turbowarp/types": "github:TurboWarp/types-tw#tw"
      }
    },
    "node_modules/@turbowarp/types": {
      "version": "0.0.13",
      "resolved": "git+ssh://git@github.com/TurboWarp/types-tw.git#4b59b95e3b02560ff626a36a871869b89dbe9a48",
      "license": "Apache-2.0"
    }
  }
}
